
Microsoft Visual Studio Solution File, Format Version 12.00
# Visual Studio 2013
VisualStudioVersion = 12.0.21005.1
MinimumVisualStudioVersion = 10.0.40219.1
Project("{FAE04EC0-301F-11D3-BF4B-00C04F79EFBC}") = "Helenium.UnitTests", "HeleniumUnitTests\Helenium.UnitTests.csproj", "{8B951777-4081-4EA4-8827-16DF3A30CC6A}"
EndProject
Project("{2150E333-8FDC-42A3-9474-1A3956D46DE8}") = "Solution Items", "Solution Items", "{EFA5C4DE-548A-4D48-8852-F1E04E65CBA8}"
	ProjectSection(SolutionItems) = preProject
		Graph1.dgml = Graph1.dgml
		Performance1.psess = Performance1.psess
	EndProjectSection
EndProject
Project("{FAE04EC0-301F-11D3-BF4B-00C04F79EFBC}") = "Helenium.Views", "Helenium.Views\Helenium.Views.csproj", "{2116F5BB-3570-4886-8E8C-34514C0FD673}"
EndProject
Project("{FAE04EC0-301F-11D3-BF4B-00C04F79EFBC}") = "Helenium.Main", "Helenium.Main\Helenium.Main.csproj", "{6438534D-8F82-4D8A-9566-01BF30EA484A}"
EndProject
Project("{FAE04EC0-301F-11D3-BF4B-00C04F79EFBC}") = "Helenium.Tools", "Helenium.Tools\Helenium.Tools.csproj", "{B49CE003-8440-4341-A343-3FE4720CF1AC}"
EndProject
Project("{FAE04EC0-301F-11D3-BF4B-00C04F79EFBC}") = "Helenium.Models", "Helenium.Models\Helenium.Models.csproj", "{4F07C23D-760D-4396-8199-7014FF02C3E5}"
EndProject
Project("{FAE04EC0-301F-11D3-BF4B-00C04F79EFBC}") = "Helenium.DAL", "Helenium.DAL\Helenium.DAL.csproj", "{EAFE14AB-8256-4D3E-B850-C945E9901ACC}"
EndProject
Project("{FAE04EC0-301F-11D3-BF4B-00C04F79EFBC}") = "Helenium.Resources", "Helenium.Resources\Helenium.Resources.csproj", "{137A8017-9872-4529-AAB5-2A7C864E558D}"
EndProject
Project("{F088123C-0E9E-452A-89E6-6BA2F21D5CAC}") = "Helenium.Modelling", "Helenium.Modelling\Helenium.Modelling.modelproj", "{3F703C2C-4420-4FC2-A478-6D62AB4EE354}"
EndProject
Global
	GlobalSection(SolutionConfigurationPlatforms) = preSolution
		CD_ROM|Any CPU = CD_ROM|Any CPU
		CD_ROM|Mixed Platforms = CD_ROM|Mixed Platforms
		CD_ROM|x86 = CD_ROM|x86
		Debug|Any CPU = Debug|Any CPU
		Debug|Mixed Platforms = Debug|Mixed Platforms
		Debug|x86 = Debug|x86
		DVD-5|Any CPU = DVD-5|Any CPU
		DVD-5|Mixed Platforms = DVD-5|Mixed Platforms
		DVD-5|x86 = DVD-5|x86
		Release|Any CPU = Release|Any CPU
		Release|Mixed Platforms = Release|Mixed Platforms
		Release|x86 = Release|x86
		SingleImage|Any CPU = SingleImage|Any CPU
		SingleImage|Mixed Platforms = SingleImage|Mixed Platforms
		SingleImage|x86 = SingleImage|x86
	EndGlobalSection
	GlobalSection(ProjectConfigurationPlatforms) = postSolution
		{8B951777-4081-4EA4-8827-16DF3A30CC6A}.CD_ROM|Any CPU.ActiveCfg = Release|Any CPU
		{8B951777-4081-4EA4-8827-16DF3A30CC6A}.CD_ROM|Any CPU.Build.0 = Release|Any CPU
		{8B951777-4081-4EA4-8827-16DF3A30CC6A}.CD_ROM|Mixed Platforms.ActiveCfg = Release|Any CPU
		{8B951777-4081-4EA4-8827-16DF3A30CC6A}.CD_ROM|Mixed Platforms.Build.0 = Release|Any CPU
		{8B951777-4081-4EA4-8827-16DF3A30CC6A}.CD_ROM|x86.ActiveCfg = Release|Any CPU
		{8B951777-4081-4EA4-8827-16DF3A30CC6A}.Debug|Any CPU.ActiveCfg = Debug|Any CPU
		{8B951777-4081-4EA4-8827-16DF3A30CC6A}.Debug|Any CPU.Build.0 = Debug|Any CPU
		{8B951777-4081-4EA4-8827-16DF3A30CC6A}.Debug|Mixed Platforms.ActiveCfg = Debug|Any CPU
		{8B951777-4081-4EA4-8827-16DF3A30CC6A}.Debug|Mixed Platforms.Build.0 = Debug|Any CPU
		{8B951777-4081-4EA4-8827-16DF3A30CC6A}.Debug|x86.ActiveCfg = Debug|Any CPU
		{8B951777-4081-4EA4-8827-16DF3A30CC6A}.DVD-5|Any CPU.ActiveCfg = Debug|Any CPU
		{8B951777-4081-4EA4-8827-16DF3A30CC6A}.DVD-5|Any CPU.Build.0 = Debug|Any CPU
		{8B951777-4081-4EA4-8827-16DF3A30CC6A}.DVD-5|Mixed Platforms.ActiveCfg = Debug|Any CPU
		{8B951777-4081-4EA4-8827-16DF3A30CC6A}.DVD-5|Mixed Platforms.Build.0 = Debug|Any CPU
		{8B951777-4081-4EA4-8827-16DF3A30CC6A}.DVD-5|x86.ActiveCfg = Debug|Any CPU
		{8B951777-4081-4EA4-8827-16DF3A30CC6A}.Release|Any CPU.ActiveCfg = Release|Any CPU
		{8B951777-4081-4EA4-8827-16DF3A30CC6A}.Release|Any CPU.Build.0 = Release|Any CPU
		{8B951777-4081-4EA4-8827-16DF3A30CC6A}.Release|Mixed Platforms.ActiveCfg = Release|Any CPU
		{8B951777-4081-4EA4-8827-16DF3A30CC6A}.Release|Mixed Platforms.Build.0 = Release|Any CPU
		{8B951777-4081-4EA4-8827-16DF3A30CC6A}.Release|x86.ActiveCfg = Release|Any CPU
		{8B951777-4081-4EA4-8827-16DF3A30CC6A}.SingleImage|Any CPU.ActiveCfg = Release|Any CPU
		{8B951777-4081-4EA4-8827-16DF3A30CC6A}.SingleImage|Any CPU.Build.0 = Release|Any CPU
		{8B951777-4081-4EA4-8827-16DF3A30CC6A}.SingleImage|Mixed Platforms.ActiveCfg = Release|Any CPU
		{8B951777-4081-4EA4-8827-16DF3A30CC6A}.SingleImage|Mixed Platforms.Build.0 = Release|Any CPU
		{8B951777-4081-4EA4-8827-16DF3A30CC6A}.SingleImage|x86.ActiveCfg = Release|Any CPU
		{2116F5BB-3570-4886-8E8C-34514C0FD673}.CD_ROM|Any CPU.ActiveCfg = Release|Any CPU
		{2116F5BB-3570-4886-8E8C-34514C0FD673}.CD_ROM|Any CPU.Build.0 = Release|Any CPU
		{2116F5BB-3570-4886-8E8C-34514C0FD673}.CD_ROM|Mixed Platforms.ActiveCfg = Release|Any CPU
		{2116F5BB-3570-4886-8E8C-34514C0FD673}.CD_ROM|Mixed Platforms.Build.0 = Release|Any CPU
		{2116F5BB-3570-4886-8E8C-34514C0FD673}.CD_ROM|x86.ActiveCfg = Release|Any CPU
		{2116F5BB-3570-4886-8E8C-34514C0FD673}.Debug|Any CPU.ActiveCfg = Debug|Any CPU
		{2116F5BB-3570-4886-8E8C-34514C0FD673}.Debug|Any CPU.Build.0 = Debug|Any CPU
		{2116F5BB-3570-4886-8E8C-34514C0FD673}.Debug|Mixed Platforms.ActiveCfg = Debug|Any CPU
		{2116F5BB-3570-4886-8E8C-34514C0FD673}.Debug|Mixed Platforms.Build.0 = Debug|Any CPU
		{2116F5BB-3570-4886-8E8C-34514C0FD673}.Debug|x86.ActiveCfg = Debug|Any CPU
		{2116F5BB-3570-4886-8E8C-34514C0FD673}.DVD-5|Any CPU.ActiveCfg = Debug|Any CPU
		{2116F5BB-3570-4886-8E8C-34514C0FD673}.DVD-5|Any CPU.Build.0 = Debug|Any CPU
		{2116F5BB-3570-4886-8E8C-34514C0FD673}.DVD-5|Mixed Platforms.ActiveCfg = Debug|Any CPU
		{2116F5BB-3570-4886-8E8C-34514C0FD673}.DVD-5|Mixed Platforms.Build.0 = Debug|Any CPU
		{2116F5BB-3570-4886-8E8C-34514C0FD673}.DVD-5|x86.ActiveCfg = Debug|Any CPU
		{2116F5BB-3570-4886-8E8C-34514C0FD673}.Release|Any CPU.ActiveCfg = Release|Any CPU
		{2116F5BB-3570-4886-8E8C-34514C0FD673}.Release|Any CPU.Build.0 = Release|Any CPU
		{2116F5BB-3570-4886-8E8C-34514C0FD673}.Release|Mixed Platforms.ActiveCfg = Release|Any CPU
		{2116F5BB-3570-4886-8E8C-34514C0FD673}.Release|Mixed Platforms.Build.0 = Release|Any CPU
		{2116F5BB-3570-4886-8E8C-34514C0FD673}.Release|x86.ActiveCfg = Release|Any CPU
		{2116F5BB-3570-4886-8E8C-34514C0FD673}.SingleImage|Any CPU.ActiveCfg = Release|Any CPU
		{2116F5BB-3570-4886-8E8C-34514C0FD673}.SingleImage|Any CPU.Build.0 = Release|Any CPU
		{2116F5BB-3570-4886-8E8C-34514C0FD673}.SingleImage|Mixed Platforms.ActiveCfg = Release|Any CPU
		{2116F5BB-3570-4886-8E8C-34514C0FD673}.SingleImage|Mixed Platforms.Build.0 = Release|Any CPU
		{2116F5BB-3570-4886-8E8C-34514C0FD673}.SingleImage|x86.ActiveCfg = Release|Any CPU
		{6438534D-8F82-4D8A-9566-01BF30EA484A}.CD_ROM|Any CPU.ActiveCfg = Release|x86
		{6438534D-8F82-4D8A-9566-01BF30EA484A}.CD_ROM|Mixed Platforms.ActiveCfg = Release|x86
		{6438534D-8F82-4D8A-9566-01BF30EA484A}.CD_ROM|Mixed Platforms.Build.0 = Release|x86
		{6438534D-8F82-4D8A-9566-01BF30EA484A}.CD_ROM|x86.ActiveCfg = Release|x86
		{6438534D-8F82-4D8A-9566-01BF30EA484A}.CD_ROM|x86.Build.0 = Release|x86
		{6438534D-8F82-4D8A-9566-01BF30EA484A}.Debug|Any CPU.ActiveCfg = Debug|x86
		{6438534D-8F82-4D8A-9566-01BF30EA484A}.Debug|Mixed Platforms.ActiveCfg = Debug|x86
		{6438534D-8F82-4D8A-9566-01BF30EA484A}.Debug|Mixed Platforms.Build.0 = Debug|x86
		{6438534D-8F82-4D8A-9566-01BF30EA484A}.Debug|x86.ActiveCfg = Debug|x86
		{6438534D-8F82-4D8A-9566-01BF30EA484A}.Debug|x86.Build.0 = Debug|x86
		{6438534D-8F82-4D8A-9566-01BF30EA484A}.DVD-5|Any CPU.ActiveCfg = Debug|x86
		{6438534D-8F82-4D8A-9566-01BF30EA484A}.DVD-5|Mixed Platforms.ActiveCfg = Debug|x86
		{6438534D-8F82-4D8A-9566-01BF30EA484A}.DVD-5|Mixed Platforms.Build.0 = Debug|x86
		{6438534D-8F82-4D8A-9566-01BF30EA484A}.DVD-5|x86.ActiveCfg = Debug|x86
		{6438534D-8F82-4D8A-9566-01BF30EA484A}.DVD-5|x86.Build.0 = Debug|x86
		{6438534D-8F82-4D8A-9566-01BF30EA484A}.Release|Any CPU.ActiveCfg = Release|x86
		{6438534D-8F82-4D8A-9566-01BF30EA484A}.Release|Mixed Platforms.ActiveCfg = Release|x86
		{6438534D-8F82-4D8A-9566-01BF30EA484A}.Release|Mixed Platforms.Build.0 = Release|x86
		{6438534D-8F82-4D8A-9566-01BF30EA484A}.Release|x86.ActiveCfg = Release|x86
		{6438534D-8F82-4D8A-9566-01BF30EA484A}.Release|x86.Build.0 = Release|x86
		{6438534D-8F82-4D8A-9566-01BF30EA484A}.SingleImage|Any CPU.ActiveCfg = Release|x86
		{6438534D-8F82-4D8A-9566-01BF30EA484A}.SingleImage|Mixed Platforms.ActiveCfg = Release|x86
		{6438534D-8F82-4D8A-9566-01BF30EA484A}.SingleImage|Mixed Platforms.Build.0 = Release|x86
		{6438534D-8F82-4D8A-9566-01BF30EA484A}.SingleImage|x86.ActiveCfg = Release|x86
		{6438534D-8F82-4D8A-9566-01BF30EA484A}.SingleImage|x86.Build.0 = Release|x86
		{B49CE003-8440-4341-A343-3FE4720CF1AC}.CD_ROM|Any CPU.ActiveCfg = Release|Any CPU
		{B49CE003-8440-4341-A343-3FE4720CF1AC}.CD_ROM|Any CPU.Build.0 = Release|Any CPU
		{B49CE003-8440-4341-A343-3FE4720CF1AC}.CD_ROM|Mixed Platforms.ActiveCfg = Release|Any CPU
		{B49CE003-8440-4341-A343-3FE4720CF1AC}.CD_ROM|Mixed Platforms.Build.0 = Release|Any CPU
		{B49CE003-8440-4341-A343-3FE4720CF1AC}.CD_ROM|x86.ActiveCfg = Release|Any CPU
		{B49CE003-8440-4341-A343-3FE4720CF1AC}.Debug|Any CPU.ActiveCfg = Debug|Any CPU
		{B49CE003-8440-4341-A343-3FE4720CF1AC}.Debug|Any CPU.Build.0 = Debug|Any CPU
		{B49CE003-8440-4341-A343-3FE4720CF1AC}.Debug|Mixed Platforms.ActiveCfg = Debug|Any CPU
		{B49CE003-8440-4341-A343-3FE4720CF1AC}.Debug|Mixed Platforms.Build.0 = Debug|Any CPU
		{B49CE003-8440-4341-A343-3FE4720CF1AC}.Debug|x86.ActiveCfg = Debug|Any CPU
		{B49CE003-8440-4341-A343-3FE4720CF1AC}.DVD-5|Any CPU.ActiveCfg = Debug|Any CPU
		{B49CE003-8440-4341-A343-3FE4720CF1AC}.DVD-5|Any CPU.Build.0 = Debug|Any CPU
		{B49CE003-8440-4341-A343-3FE4720CF1AC}.DVD-5|Mixed Platforms.ActiveCfg = Debug|Any CPU
		{B49CE003-8440-4341-A343-3FE4720CF1AC}.DVD-5|Mixed Platforms.Build.0 = Debug|Any CPU
		{B49CE003-8440-4341-A343-3FE4720CF1AC}.DVD-5|x86.ActiveCfg = Debug|Any CPU
		{B49CE003-8440-4341-A343-3FE4720CF1AC}.Release|Any CPU.ActiveCfg = Release|Any CPU
		{B49CE003-8440-4341-A343-3FE4720CF1AC}.Release|Any CPU.Build.0 = Release|Any CPU
		{B49CE003-8440-4341-A343-3FE4720CF1AC}.Release|Mixed Platforms.ActiveCfg = Release|Any CPU
		{B49CE003-8440-4341-A343-3FE4720CF1AC}.Release|Mixed Platforms.Build.0 = Release|Any CPU
		{B49CE003-8440-4341-A343-3FE4720CF1AC}.Release|x86.ActiveCfg = Release|Any CPU
		{B49CE003-8440-4341-A343-3FE4720CF1AC}.SingleImage|Any CPU.ActiveCfg = Release|Any CPU
		{B49CE003-8440-4341-A343-3FE4720CF1AC}.SingleImage|Any CPU.Build.0 = Release|Any CPU
		{B49CE003-8440-4341-A343-3FE4720CF1AC}.SingleImage|Mixed Platforms.ActiveCfg = Release|Any CPU
		{B49CE003-8440-4341-A343-3FE4720CF1AC}.SingleImage|Mixed Platforms.Build.0 = Release|Any CPU
		{B49CE003-8440-4341-A343-3FE4720CF1AC}.SingleImage|x86.ActiveCfg = Release|Any CPU
		{4F07C23D-760D-4396-8199-7014FF02C3E5}.CD_ROM|Any CPU.ActiveCfg = Release|Any CPU
		{4F07C23D-760D-4396-8199-7014FF02C3E5}.CD_ROM|Any CPU.Build.0 = Release|Any CPU
		{4F07C23D-760D-4396-8199-7014FF02C3E5}.CD_ROM|Mixed Platforms.ActiveCfg = Release|Any CPU
		{4F07C23D-760D-4396-8199-7014FF02C3E5}.CD_ROM|Mixed Platforms.Build.0 = Release|Any CPU
		{4F07C23D-760D-4396-8199-7014FF02C3E5}.CD_ROM|x86.ActiveCfg = Release|Any CPU
		{4F07C23D-760D-4396-8199-7014FF02C3E5}.Debug|Any CPU.ActiveCfg = Debug|Any CPU
		{4F07C23D-760D-4396-8199-7014FF02C3E5}.Debug|Any CPU.Build.0 = Debug|Any CPU
		{4F07C23D-760D-4396-8199-7014FF02C3E5}.Debug|Mixed Platforms.ActiveCfg = Debug|Any CPU
		{4F07C23D-760D-4396-8199-7014FF02C3E5}.Debug|Mixed Platforms.Build.0 = Debug|Any CPU
		{4F07C23D-760D-4396-8199-7014FF02C3E5}.Debug|x86.ActiveCfg = Debug|Any CPU
		{4F07C23D-760D-4396-8199-7014FF02C3E5}.DVD-5|Any CPU.ActiveCfg = Debug|Any CPU
		{4F07C23D-760D-4396-8199-7014FF02C3E5}.DVD-5|Any CPU.Build.0 = Debug|Any CPU
		{4F07C23D-760D-4396-8199-7014FF02C3E5}.DVD-5|Mixed Platforms.ActiveCfg = Debug|Any CPU
		{4F07C23D-760D-4396-8199-7014FF02C3E5}.DVD-5|Mixed Platforms.Build.0 = Debug|Any CPU
		{4F07C23D-760D-4396-8199-7014FF02C3E5}.DVD-5|x86.ActiveCfg = Debug|Any CPU
		{4F07C23D-760D-4396-8199-7014FF02C3E5}.Release|Any CPU.ActiveCfg = Release|Any CPU
		{4F07C23D-760D-4396-8199-7014FF02C3E5}.Release|Any CPU.Build.0 = Release|Any CPU
		{4F07C23D-760D-4396-8199-7014FF02C3E5}.Release|Mixed Platforms.ActiveCfg = Release|Any CPU
		{4F07C23D-760D-4396-8199-7014FF02C3E5}.Release|Mixed Platforms.Build.0 = Release|Any CPU
		{4F07C23D-760D-4396-8199-7014FF02C3E5}.Release|x86.ActiveCfg = Release|Any CPU
		{4F07C23D-760D-4396-8199-7014FF02C3E5}.SingleImage|Any CPU.ActiveCfg = Release|Any CPU
		{4F07C23D-760D-4396-8199-7014FF02C3E5}.SingleImage|Any CPU.Build.0 = Release|Any CPU
		{4F07C23D-760D-4396-8199-7014FF02C3E5}.SingleImage|Mixed Platforms.ActiveCfg = Release|Any CPU
		{4F07C23D-760D-4396-8199-7014FF02C3E5}.SingleImage|Mixed Platforms.Build.0 = Release|Any CPU
		{4F07C23D-760D-4396-8199-7014FF02C3E5}.SingleImage|x86.ActiveCfg = Release|Any CPU
		{EAFE14AB-8256-4D3E-B850-C945E9901ACC}.CD_ROM|Any CPU.ActiveCfg = Release|Any CPU
		{EAFE14AB-8256-4D3E-B850-C945E9901ACC}.CD_ROM|Any CPU.Build.0 = Release|Any CPU
		{EAFE14AB-8256-4D3E-B850-C945E9901ACC}.CD_ROM|Mixed Platforms.ActiveCfg = Release|Any CPU
		{EAFE14AB-8256-4D3E-B850-C945E9901ACC}.CD_ROM|Mixed Platforms.Build.0 = Release|Any CPU
		{EAFE14AB-8256-4D3E-B850-C945E9901ACC}.CD_ROM|x86.ActiveCfg = Release|Any CPU
		{EAFE14AB-8256-4D3E-B850-C945E9901ACC}.Debug|Any CPU.ActiveCfg = Debug|Any CPU
		{EAFE14AB-8256-4D3E-B850-C945E9901ACC}.Debug|Any CPU.Build.0 = Debug|Any CPU
		{EAFE14AB-8256-4D3E-B850-C945E9901ACC}.Debug|Mixed Platforms.ActiveCfg = Debug|Any CPU
		{EAFE14AB-8256-4D3E-B850-C945E9901ACC}.Debug|Mixed Platforms.Build.0 = Debug|Any CPU
		{EAFE14AB-8256-4D3E-B850-C945E9901ACC}.Debug|x86.ActiveCfg = Debug|Any CPU
		{EAFE14AB-8256-4D3E-B850-C945E9901ACC}.DVD-5|Any CPU.ActiveCfg = Debug|Any CPU
		{EAFE14AB-8256-4D3E-B850-C945E9901ACC}.DVD-5|Any CPU.Build.0 = Debug|Any CPU
		{EAFE14AB-8256-4D3E-B850-C945E9901ACC}.DVD-5|Mixed Platforms.ActiveCfg = Debug|Any CPU
		{EAFE14AB-8256-4D3E-B850-C945E9901ACC}.DVD-5|Mixed Platforms.Build.0 = Debug|Any CPU
		{EAFE14AB-8256-4D3E-B850-C945E9901ACC}.DVD-5|x86.ActiveCfg = Debug|Any CPU
		{EAFE14AB-8256-4D3E-B850-C945E9901ACC}.Release|Any CPU.ActiveCfg = Release|Any CPU
		{EAFE14AB-8256-4D3E-B850-C945E9901ACC}.Release|Any CPU.Build.0 = Release|Any CPU
		{EAFE14AB-8256-4D3E-B850-C945E9901ACC}.Release|Mixed Platforms.ActiveCfg = Release|Any CPU
		{EAFE14AB-8256-4D3E-B850-C945E9901ACC}.Release|Mixed Platforms.Build.0 = Release|Any CPU
		{EAFE14AB-8256-4D3E-B850-C945E9901ACC}.Release|x86.ActiveCfg = Release|Any CPU
		{EAFE14AB-8256-4D3E-B850-C945E9901ACC}.SingleImage|Any CPU.ActiveCfg = Release|Any CPU
		{EAFE14AB-8256-4D3E-B850-C945E9901ACC}.SingleImage|Any CPU.Build.0 = Release|Any CPU
		{EAFE14AB-8256-4D3E-B850-C945E9901ACC}.SingleImage|Mixed Platforms.ActiveCfg = Release|Any CPU
		{EAFE14AB-8256-4D3E-B850-C945E9901ACC}.SingleImage|Mixed Platforms.Build.0 = Release|Any CPU
		{EAFE14AB-8256-4D3E-B850-C945E9901ACC}.SingleImage|x86.ActiveCfg = Release|Any CPU
		{137A8017-9872-4529-AAB5-2A7C864E558D}.CD_ROM|Any CPU.ActiveCfg = Release|Any CPU
		{137A8017-9872-4529-AAB5-2A7C864E558D}.CD_ROM|Any CPU.Build.0 = Release|Any CPU
		{137A8017-9872-4529-AAB5-2A7C864E558D}.CD_ROM|Mixed Platforms.ActiveCfg = Release|Any CPU
		{137A8017-9872-4529-AAB5-2A7C864E558D}.CD_ROM|Mixed Platforms.Build.0 = Release|Any CPU
		{137A8017-9872-4529-AAB5-2A7C864E558D}.CD_ROM|x86.ActiveCfg = Release|Any CPU
		{137A8017-9872-4529-AAB5-2A7C864E558D}.Debug|Any CPU.ActiveCfg = Debug|Any CPU
		{137A8017-9872-4529-AAB5-2A7C864E558D}.Debug|Any CPU.Build.0 = Debug|Any CPU
		{137A8017-9872-4529-AAB5-2A7C864E558D}.Debug|Mixed Platforms.ActiveCfg = Debug|Any CPU
		{137A8017-9872-4529-AAB5-2A7C864E558D}.Debug|Mixed Platforms.Build.0 = Debug|Any CPU
		{137A8017-9872-4529-AAB5-2A7C864E558D}.Debug|x86.ActiveCfg = Debug|Any CPU
		{137A8017-9872-4529-AAB5-2A7C864E558D}.DVD-5|Any CPU.ActiveCfg = Debug|Any CPU
		{137A8017-9872-4529-AAB5-2A7C864E558D}.DVD-5|Any CPU.Build.0 = Debug|Any CPU
		{137A8017-9872-4529-AAB5-2A7C864E558D}.DVD-5|Mixed Platforms.ActiveCfg = Debug|Any CPU
		{137A8017-9872-4529-AAB5-2A7C864E558D}.DVD-5|Mixed Platforms.Build.0 = Debug|Any CPU
		{137A8017-9872-4529-AAB5-2A7C864E558D}.DVD-5|x86.ActiveCfg = Debug|Any CPU
		{137A8017-9872-4529-AAB5-2A7C864E558D}.Release|Any CPU.ActiveCfg = Release|Any CPU
		{137A8017-9872-4529-AAB5-2A7C864E558D}.Release|Any CPU.Build.0 = Release|Any CPU
		{137A8017-9872-4529-AAB5-2A7C864E558D}.Release|Mixed Platforms.ActiveCfg = Release|Any CPU
		{137A8017-9872-4529-AAB5-2A7C864E558D}.Release|Mixed Platforms.Build.0 = Release|Any CPU
		{137A8017-9872-4529-AAB5-2A7C864E558D}.Release|x86.ActiveCfg = Release|Any CPU
		{137A8017-9872-4529-AAB5-2A7C864E558D}.SingleImage|Any CPU.ActiveCfg = Release|Any CPU
		{137A8017-9872-4529-AAB5-2A7C864E558D}.SingleImage|Any CPU.Build.0 = Release|Any CPU
		{137A8017-9872-4529-AAB5-2A7C864E558D}.SingleImage|Mixed Platforms.ActiveCfg = Release|Any CPU
		{137A8017-9872-4529-AAB5-2A7C864E558D}.SingleImage|Mixed Platforms.Build.0 = Release|Any CPU
		{137A8017-9872-4529-AAB5-2A7C864E558D}.SingleImage|x86.ActiveCfg = Release|Any CPU
		{3F703C2C-4420-4FC2-A478-6D62AB4EE354}.CD_ROM|Any CPU.ActiveCfg = Release|Any CPU
		{3F703C2C-4420-4FC2-A478-6D62AB4EE354}.CD_ROM|Any CPU.Build.0 = Release|Any CPU
		{3F703C2C-4420-4FC2-A478-6D62AB4EE354}.CD_ROM|Mixed Platforms.ActiveCfg = Release|Any CPU
		{3F703C2C-4420-4FC2-A478-6D62AB4EE354}.CD_ROM|Mixed Platforms.Build.0 = Release|Any CPU
		{3F703C2C-4420-4FC2-A478-6D62AB4EE354}.CD_ROM|x86.ActiveCfg = Release|Any CPU
		{3F703C2C-4420-4FC2-A478-6D62AB4EE354}.Debug|Any CPU.ActiveCfg = Debug|Any CPU
		{3F703C2C-4420-4FC2-A478-6D62AB4EE354}.Debug|Any CPU.Build.0 = Debug|Any CPU
		{3F703C2C-4420-4FC2-A478-6D62AB4EE354}.Debug|Mixed Platforms.ActiveCfg = Debug|Any CPU
		{3F703C2C-4420-4FC2-A478-6D62AB4EE354}.Debug|Mixed Platforms.Build.0 = Debug|Any CPU
		{3F703C2C-4420-4FC2-A478-6D62AB4EE354}.Debug|x86.ActiveCfg = Debug|Any CPU
		{3F703C2C-4420-4FC2-A478-6D62AB4EE354}.DVD-5|Any CPU.ActiveCfg = Debug|Any CPU
		{3F703C2C-4420-4FC2-A478-6D62AB4EE354}.DVD-5|Any CPU.Build.0 = Debug|Any CPU
		{3F703C2C-4420-4FC2-A478-6D62AB4EE354}.DVD-5|Mixed Platforms.ActiveCfg = Debug|Any CPU
		{3F703C2C-4420-4FC2-A478-6D62AB4EE354}.DVD-5|Mixed Platforms.Build.0 = Debug|Any CPU
		{3F703C2C-4420-4FC2-A478-6D62AB4EE354}.DVD-5|x86.ActiveCfg = Debug|Any CPU
		{3F703C2C-4420-4FC2-A478-6D62AB4EE354}.Release|Any CPU.ActiveCfg = Release|Any CPU
		{3F703C2C-4420-4FC2-A478-6D62AB4EE354}.Release|Any CPU.Build.0 = Release|Any CPU
		{3F703C2C-4420-4FC2-A478-6D62AB4EE354}.Release|Mixed Platforms.ActiveCfg = Release|Any CPU
		{3F703C2C-4420-4FC2-A478-6D62AB4EE354}.Release|Mixed Platforms.Build.0 = Release|Any CPU
		{3F703C2C-4420-4FC2-A478-6D62AB4EE354}.Release|x86.ActiveCfg = Release|Any CPU
		{3F703C2C-4420-4FC2-A478-6D62AB4EE354}.SingleImage|Any CPU.ActiveCfg = Release|Any CPU
		{3F703C2C-4420-4FC2-A478-6D62AB4EE354}.SingleImage|Any CPU.Build.0 = Release|Any CPU
		{3F703C2C-4420-4FC2-A478-6D62AB4EE354}.SingleImage|Mixed Platforms.ActiveCfg = Release|Any CPU
		{3F703C2C-4420-4FC2-A478-6D62AB4EE354}.SingleImage|Mixed Platforms.Build.0 = Release|Any CPU
		{3F703C2C-4420-4FC2-A478-6D62AB4EE354}.SingleImage|x86.ActiveCfg = Release|Any CPU
	EndGlobalSection
	GlobalSection(SolutionProperties) = preSolution
		HideSolutionNode = FALSE
	EndGlobalSection
	GlobalSection(Performance) = preSolution
		HasPerformanceSessions = true
	EndGlobalSection
EndGlobal
